// !$*UTF8*$!
{
	archiveVersion = 1;
	classes = {
	};
	objectVersion = 55;
	objects = {

/* Begin PBXBuildFile section */
		23DEAA1012F61066478685E9 /* Pods_Todonote.framework in Frameworks */ = {isa = PBXBuildFile; fileRef = B6E1BC36F9F0E2FAD410DE52 /* Pods_Todonote.framework */; };
		492677C32805C77300A0278B /* Category.swift in Sources */ = {isa = PBXBuildFile; fileRef = 492677C22805C77300A0278B /* Category.swift */; };
		492677C52805C77800A0278B /* Item.swift in Sources */ = {isa = PBXBuildFile; fileRef = 492677C42805C77800A0278B /* Item.swift */; };
		493CA7B928042DEA00664895 /* TasksViewController.swift in Sources */ = {isa = PBXBuildFile; fileRef = 493CA7B828042DEA00664895 /* TasksViewController.swift */; };
		4967A5842805C5690005C4C1 /* CategoryTableViewCell.swift in Sources */ = {isa = PBXBuildFile; fileRef = 4967A5832805C5690005C4C1 /* CategoryTableViewCell.swift */; };
		497E062F28035622007B43D3 /* AppDelegate.swift in Sources */ = {isa = PBXBuildFile; fileRef = 497E062E28035622007B43D3 /* AppDelegate.swift */; };
		497E063128035622007B43D3 /* SceneDelegate.swift in Sources */ = {isa = PBXBuildFile; fileRef = 497E063028035622007B43D3 /* SceneDelegate.swift */; };
		497E063328035622007B43D3 /* CategoryViewController.swift in Sources */ = {isa = PBXBuildFile; fileRef = 497E063228035622007B43D3 /* CategoryViewController.swift */; };
		497E063628035622007B43D3 /* Main.storyboard in Resources */ = {isa = PBXBuildFile; fileRef = 497E063428035622007B43D3 /* Main.storyboard */; };
		497E063828035623007B43D3 /* Assets.xcassets in Resources */ = {isa = PBXBuildFile; fileRef = 497E063728035623007B43D3 /* Assets.xcassets */; };
		497E063B28035623007B43D3 /* LaunchScreen.storyboard in Resources */ = {isa = PBXBuildFile; fileRef = 497E063928035623007B43D3 /* LaunchScreen.storyboard */; };
		497E0648280357E8007B43D3 /* AddTaskViewController.swift in Sources */ = {isa = PBXBuildFile; fileRef = 497E0647280357E8007B43D3 /* AddTaskViewController.swift */; };
		497E064A280357FA007B43D3 /* TaskDetailViewController.swift in Sources */ = {isa = PBXBuildFile; fileRef = 497E0649280357FA007B43D3 /* TaskDetailViewController.swift */; };
		49B6B6D22809758700881BB1 /* Manager.swift in Sources */ = {isa = PBXBuildFile; fileRef = 49B6B6D12809758700881BB1 /* Manager.swift */; };
		49B6B6D52809784000881BB1 /* CategoryViewModel.swift in Sources */ = {isa = PBXBuildFile; fileRef = 49B6B6D42809784000881BB1 /* CategoryViewModel.swift */; };
		49E00E322806DF31007F10B7 /* TasksTableViewCell.swift in Sources */ = {isa = PBXBuildFile; fileRef = 49E00E312806DF31007F10B7 /* TasksTableViewCell.swift */; };
/* End PBXBuildFile section */

/* Begin PBXFileReference section */
		12421159EF562EE3650ABCB6 /* Pods-Todonote.debug.xcconfig */ = {isa = PBXFileReference; includeInIndex = 1; lastKnownFileType = text.xcconfig; name = "Pods-Todonote.debug.xcconfig"; path = "Target Support Files/Pods-Todonote/Pods-Todonote.debug.xcconfig"; sourceTree = "<group>"; };
		227DDB777B6C9C6CCE502875 /* Pods-Todonote.release.xcconfig */ = {isa = PBXFileReference; includeInIndex = 1; lastKnownFileType = text.xcconfig; name = "Pods-Todonote.release.xcconfig"; path = "Target Support Files/Pods-Todonote/Pods-Todonote.release.xcconfig"; sourceTree = "<group>"; };
		492677C22805C77300A0278B /* Category.swift */ = {isa = PBXFileReference; lastKnownFileType = sourcecode.swift; path = Category.swift; sourceTree = "<group>"; };
		492677C42805C77800A0278B /* Item.swift */ = {isa = PBXFileReference; lastKnownFileType = sourcecode.swift; path = Item.swift; sourceTree = "<group>"; };
		493CA7B828042DEA00664895 /* TasksViewController.swift */ = {isa = PBXFileReference; lastKnownFileType = sourcecode.swift; path = TasksViewController.swift; sourceTree = "<group>"; };
		4967A5832805C5690005C4C1 /* CategoryTableViewCell.swift */ = {isa = PBXFileReference; lastKnownFileType = sourcecode.swift; path = CategoryTableViewCell.swift; sourceTree = "<group>"; };
		497E062B28035622007B43D3 /* Todonote.app */ = {isa = PBXFileReference; explicitFileType = wrapper.application; includeInIndex = 0; path = Todonote.app; sourceTree = BUILT_PRODUCTS_DIR; };
		497E062E28035622007B43D3 /* AppDelegate.swift */ = {isa = PBXFileReference; lastKnownFileType = sourcecode.swift; path = AppDelegate.swift; sourceTree = "<group>"; };
		497E063028035622007B43D3 /* SceneDelegate.swift */ = {isa = PBXFileReference; lastKnownFileType = sourcecode.swift; path = SceneDelegate.swift; sourceTree = "<group>"; };
		497E063228035622007B43D3 /* CategoryViewController.swift */ = {isa = PBXFileReference; lastKnownFileType = sourcecode.swift; path = CategoryViewController.swift; sourceTree = "<group>"; };
		497E063528035622007B43D3 /* Base */ = {isa = PBXFileReference; lastKnownFileType = file.storyboard; name = Base; path = Base.lproj/Main.storyboard; sourceTree = "<group>"; };
		497E063728035623007B43D3 /* Assets.xcassets */ = {isa = PBXFileReference; lastKnownFileType = folder.assetcatalog; path = Assets.xcassets; sourceTree = "<group>"; };
		497E063A28035623007B43D3 /* Base */ = {isa = PBXFileReference; lastKnownFileType = file.storyboard; name = Base; path = Base.lproj/LaunchScreen.storyboard; sourceTree = "<group>"; };
		497E063C28035623007B43D3 /* Info.plist */ = {isa = PBXFileReference; lastKnownFileType = text.plist.xml; path = Info.plist; sourceTree = "<group>"; };
		497E0647280357E8007B43D3 /* AddTaskViewController.swift */ = {isa = PBXFileReference; lastKnownFileType = sourcecode.swift; path = AddTaskViewController.swift; sourceTree = "<group>"; };
		497E0649280357FA007B43D3 /* TaskDetailViewController.swift */ = {isa = PBXFileReference; lastKnownFileType = sourcecode.swift; path = TaskDetailViewController.swift; sourceTree = "<group>"; };
		49B6B6D12809758700881BB1 /* Manager.swift */ = {isa = PBXFileReference; lastKnownFileType = sourcecode.swift; path = Manager.swift; sourceTree = "<group>"; };
		49B6B6D42809784000881BB1 /* CategoryViewModel.swift */ = {isa = PBXFileReference; lastKnownFileType = sourcecode.swift; path = CategoryViewModel.swift; sourceTree = "<group>"; };
		49E00E312806DF31007F10B7 /* TasksTableViewCell.swift */ = {isa = PBXFileReference; lastKnownFileType = sourcecode.swift; path = TasksTableViewCell.swift; sourceTree = "<group>"; };
		B6E1BC36F9F0E2FAD410DE52 /* Pods_Todonote.framework */ = {isa = PBXFileReference; explicitFileType = wrapper.framework; includeInIndex = 0; path = Pods_Todonote.framework; sourceTree = BUILT_PRODUCTS_DIR; };
/* End PBXFileReference section */

/* Begin PBXFrameworksBuildPhase section */
		497E062828035622007B43D3 /* Frameworks */ = {
			isa = PBXFrameworksBuildPhase;
			buildActionMask = 2147483647;
			files = (
				23DEAA1012F61066478685E9 /* Pods_Todonote.framework in Frameworks */,
			);
			runOnlyForDeploymentPostprocessing = 0;
		};
/* End PBXFrameworksBuildPhase section */

/* Begin PBXGroup section */
		3791F4741AC4155A99D77F9A /* Frameworks */ = {
			isa = PBXGroup;
			children = (
				B6E1BC36F9F0E2FAD410DE52 /* Pods_Todonote.framework */,
			);
			name = Frameworks;
			sourceTree = "<group>";
		};
		4967A57B2805C48D0005C4C1 /* CategoryView */ = {
			isa = PBXGroup;
			children = (
				49B6B6D32809782B00881BB1 /* ViewModel */,
				497E063228035622007B43D3 /* CategoryViewController.swift */,
				4967A5852805C56D0005C4C1 /* CategoryCell */,
			);
			path = CategoryView;
			sourceTree = "<group>";
		};
		4967A57C2805C49A0005C4C1 /* TaskView */ = {
			isa = PBXGroup;
			children = (
				493CA7B828042DEA00664895 /* TasksViewController.swift */,
				49E00E332806DF36007F10B7 /* TasksCell */,
			);
			path = TaskView;
			sourceTree = "<group>";
		};
		4967A57D2805C4AB0005C4C1 /* TaskDetailView */ = {
			isa = PBXGroup;
			children = (
				497E0649280357FA007B43D3 /* TaskDetailViewController.swift */,
			);
			path = TaskDetailView;
			sourceTree = "<group>";
		};
		4967A57E2805C4B30005C4C1 /* AddTaskView */ = {
			isa = PBXGroup;
			children = (
				497E0647280357E8007B43D3 /* AddTaskViewController.swift */,
			);
			path = AddTaskView;
			sourceTree = "<group>";
		};
		4967A5852805C56D0005C4C1 /* CategoryCell */ = {
			isa = PBXGroup;
			children = (
				4967A5832805C5690005C4C1 /* CategoryTableViewCell.swift */,
			);
			path = CategoryCell;
			sourceTree = "<group>";
		};
		497E062228035622007B43D3 = {
			isa = PBXGroup;
			children = (
				497E062D28035622007B43D3 /* Todonote */,
				497E062C28035622007B43D3 /* Products */,
				C607850160C9829FFCA85C4F /* Pods */,
				3791F4741AC4155A99D77F9A /* Frameworks */,
			);
			sourceTree = "<group>";
		};
		497E062C28035622007B43D3 /* Products */ = {
			isa = PBXGroup;
			children = (
				497E062B28035622007B43D3 /* Todonote.app */,
			);
			name = Products;
			sourceTree = "<group>";
		};
		497E062D28035622007B43D3 /* Todonote */ = {
			isa = PBXGroup;
			children = (
				49B6B6CF2809753F00881BB1 /* Data */,
				497E062E28035622007B43D3 /* AppDelegate.swift */,
				497E063028035622007B43D3 /* SceneDelegate.swift */,
				497E0644280356B1007B43D3 /* Model */,
				497E0643280356A2007B43D3 /* Controller */,
				497E06422803569B007B43D3 /* View */,
				497E063728035623007B43D3 /* Assets.xcassets */,
				497E063C28035623007B43D3 /* Info.plist */,
			);
			path = Todonote;
			sourceTree = "<group>";
		};
		497E06422803569B007B43D3 /* View */ = {
			isa = PBXGroup;
			children = (
				497E063428035622007B43D3 /* Main.storyboard */,
				497E063928035623007B43D3 /* LaunchScreen.storyboard */,
			);
			path = View;
			sourceTree = "<group>";
		};
		497E0643280356A2007B43D3 /* Controller */ = {
			isa = PBXGroup;
			children = (
				4967A57B2805C48D0005C4C1 /* CategoryView */,
				4967A57C2805C49A0005C4C1 /* TaskView */,
				4967A57E2805C4B30005C4C1 /* AddTaskView */,
				4967A57D2805C4AB0005C4C1 /* TaskDetailView */,
			);
			path = Controller;
			sourceTree = "<group>";
		};
		497E0644280356B1007B43D3 /* Model */ = {
			isa = PBXGroup;
			children = (
				492677C22805C77300A0278B /* Category.swift */,
				492677C42805C77800A0278B /* Item.swift */,
			);
			path = Model;
			sourceTree = "<group>";
		};
		49B6B6CF2809753F00881BB1 /* Data */ = {
			isa = PBXGroup;
			children = (
				49B6B6D02809754500881BB1 /* Local */,
			);
			path = Data;
			sourceTree = "<group>";
		};
		49B6B6D02809754500881BB1 /* Local */ = {
			isa = PBXGroup;
			children = (
				49B6B6D12809758700881BB1 /* Manager.swift */,
			);
			path = Local;
			sourceTree = "<group>";
		};
		49B6B6D32809782B00881BB1 /* ViewModel */ = {
			isa = PBXGroup;
			children = (
				49B6B6D42809784000881BB1 /* CategoryViewModel.swift */,
			);
			path = ViewModel;
			sourceTree = "<group>";
		};
		49E00E332806DF36007F10B7 /* TasksCell */ = {
			isa = PBXGroup;
			children = (
				49E00E312806DF31007F10B7 /* TasksTableViewCell.swift */,
			);
			path = TasksCell;
			sourceTree = "<group>";
		};
		C607850160C9829FFCA85C4F /* Pods */ = {
			isa = PBXGroup;
			children = (
				12421159EF562EE3650ABCB6 /* Pods-Todonote.debug.xcconfig */,
				227DDB777B6C9C6CCE502875 /* Pods-Todonote.release.xcconfig */,
			);
			path = Pods;
			sourceTree = "<group>";
		};
/* End PBXGroup section */

/* Begin PBXNativeTarget section */
		497E062A28035622007B43D3 /* Todonote */ = {
			isa = PBXNativeTarget;
			buildConfigurationList = 497E063F28035623007B43D3 /* Build configuration list for PBXNativeTarget "Todonote" */;
			buildPhases = (
				8CCC5F82EEB06506A15A5BB1 /* [CP] Check Pods Manifest.lock */,
				497E062728035622007B43D3 /* Sources */,
				497E062828035622007B43D3 /* Frameworks */,
				497E062928035622007B43D3 /* Resources */,
				AD669918ADCCF7A3468A3974 /* [CP] Embed Pods Frameworks */,
			);
			buildRules = (
			);
			dependencies = (
			);
			name = Todonote;
			productName = Todonote;
			productReference = 497E062B28035622007B43D3 /* Todonote.app */;
			productType = "com.apple.product-type.application";
		};
/* End PBXNativeTarget section */

/* Begin PBXProject section */
		497E062328035622007B43D3 /* Project object */ = {
			isa = PBXProject;
			attributes = {
				BuildIndependentTargetsInParallel = 1;
				LastSwiftUpdateCheck = 1320;
				LastUpgradeCheck = 1320;
				TargetAttributes = {
					497E062A28035622007B43D3 = {
						CreatedOnToolsVersion = 13.2.1;
					};
				};
			};
			buildConfigurationList = 497E062628035622007B43D3 /* Build configuration list for PBXProject "Todonote" */;
			compatibilityVersion = "Xcode 13.0";
			developmentRegion = en;
			hasScannedForEncodings = 0;
			knownRegions = (
				en,
				Base,
			);
			mainGroup = 497E062228035622007B43D3;
			productRefGroup = 497E062C28035622007B43D3 /* Products */;
			projectDirPath = "";
			projectRoot = "";
			targets = (
				497E062A28035622007B43D3 /* Todonote */,
			);
		};
/* End PBXProject section */

/* Begin PBXResourcesBuildPhase section */
		497E062928035622007B43D3 /* Resources */ = {
			isa = PBXResourcesBuildPhase;
			buildActionMask = 2147483647;
			files = (
				497E063B28035623007B43D3 /* LaunchScreen.storyboard in Resources */,
				497E063828035623007B43D3 /* Assets.xcassets in Resources */,
				497E063628035622007B43D3 /* Main.storyboard in Resources */,
			);
			runOnlyForDeploymentPostprocessing = 0;
		};
/* End PBXResourcesBuildPhase section */

/* Begin PBXShellScriptBuildPhase section */
		8CCC5F82EEB06506A15A5BB1 /* [CP] Check Pods Manifest.lock */ = {
			isa = PBXShellScriptBuildPhase;
			buildActionMask = 2147483647;
			files = (
			);
			inputFileListPaths = (
			);
			inputPaths = (
				"${PODS_PODFILE_DIR_PATH}/Podfile.lock",
				"${PODS_ROOT}/Manifest.lock",
			);
			name = "[CP] Check Pods Manifest.lock";
			outputFileListPaths = (
			);
			outputPaths = (
				"$(DERIVED_FILE_DIR)/Pods-Todonote-checkManifestLockResult.txt",
			);
			runOnlyForDeploymentPostprocessing = 0;
			shellPath = /bin/sh;
			shellScript = "diff \"${PODS_PODFILE_DIR_PATH}/Podfile.lock\" \"${PODS_ROOT}/Manifest.lock\" > /dev/null\nif [ $? != 0 ] ; then\n    # print error to STDERR\n    echo \"error: The sandbox is not in sync with the Podfile.lock. Run 'pod install' or update your CocoaPods installation.\" >&2\n    exit 1\nfi\n# This output is used by Xcode 'outputs' to avoid re-running this script phase.\necho \"SUCCESS\" > \"${SCRIPT_OUTPUT_FILE_0}\"\n";
			showEnvVarsInLog = 0;
		};
		AD669918ADCCF7A3468A3974 /* [CP] Embed Pods Frameworks */ = {
			isa = PBXShellScriptBuildPhase;
			buildActionMask = 2147483647;
			files = (
			);
			inputFileListPaths = (
				"${PODS_ROOT}/Target Support Files/Pods-Todonote/Pods-Todonote-frameworks-${CONFIGURATION}-input-files.xcfilelist",
			);
			name = "[CP] Embed Pods Frameworks";
			outputFileListPaths = (
				"${PODS_ROOT}/Target Support Files/Pods-Todonote/Pods-Todonote-frameworks-${CONFIGURATION}-output-files.xcfilelist",
			);
			runOnlyForDeploymentPostprocessing = 0;
			shellPath = /bin/sh;
			shellScript = "\"${PODS_ROOT}/Target Support Files/Pods-Todonote/Pods-Todonote-frameworks.sh\"\n";
			showEnvVarsInLog = 0;
		};
/* End PBXShellScriptBuildPhase section */

/* Begin PBXSourcesBuildPhase section */
		497E062728035622007B43D3 /* Sources */ = {
			isa = PBXSourcesBuildPhase;
			buildActionMask = 2147483647;
			files = (
				497E063328035622007B43D3 /* CategoryViewController.swift in Sources */,
				497E0648280357E8007B43D3 /* AddTaskViewController.swift in Sources */,
				497E062F28035622007B43D3 /* AppDelegate.swift in Sources */,
				492677C52805C77800A0278B /* Item.swift in Sources */,
				49B6B6D52809784000881BB1 /* CategoryViewModel.swift in Sources */,
				497E063128035622007B43D3 /* SceneDelegate.swift in Sources */,
				497E064A280357FA007B43D3 /* TaskDetailViewController.swift in Sources */,
				49E00E322806DF31007F10B7 /* TasksTableViewCell.swift in Sources */,
				493CA7B928042DEA00664895 /* TasksViewController.swift in Sources */,
				49B6B6D22809758700881BB1 /* Manager.swift in Sources */,
				4967A5842805C5690005C4C1 /* CategoryTableViewCell.swift in Sources */,
				492677C32805C77300A0278B /* Category.swift in Sources */,
			);
			runOnlyForDeploymentPostprocessing = 0;
		};
/* End PBXSourcesBuildPhase section */

/* Begin PBXVariantGroup section */
		497E063428035622007B43D3 /* Main.storyboard */ = {
			isa = PBXVariantGroup;
			children = (
				497E063528035622007B43D3 /* Base */,
			);
			name = Main.storyboard;
			sourceTree = "<group>";
		};
		497E063928035623007B43D3 /* LaunchScreen.storyboard */ = {
			isa = PBXVariantGroup;
			children = (
				497E063A28035623007B43D3 /* Base */,
			);
			name = LaunchScreen.storyboard;
			sourceTree = "<group>";
		};
/* End PBXVariantGroup section */

/* Begin XCBuildConfiguration section */
		497E063D28035623007B43D3 /* Debug */ = {
			isa = XCBuildConfiguration;
			buildSettings = {
				ALWAYS_SEARCH_USER_PATHS = NO;
				CLANG_ANALYZER_NONNULL = YES;
				CLANG_ANALYZER_NUMBER_OBJECT_CONVERSION = YES_AGGRESSIVE;
				CLANG_CXX_LANGUAGE_STANDARD = "gnu++17";
				CLANG_CXX_LIBRARY = "libc++";
				CLANG_ENABLE_MODULES = YES;
				CLANG_ENABLE_OBJC_ARC = YES;
				CLANG_ENABLE_OBJC_WEAK = YES;
				CLANG_WARN_BLOCK_CAPTURE_AUTORELEASING = YES;
				CLANG_WARN_BOOL_CONVERSION = YES;
				CLANG_WARN_COMMA = YES;
				CLANG_WARN_CONSTANT_CONVERSION = YES;
				CLANG_WARN_DEPRECATED_OBJC_IMPLEMENTATIONS = YES;
				CLANG_WARN_DIRECT_OBJC_ISA_USAGE = YES_ERROR;
				CLANG_WARN_DOCUMENTATION_COMMENTS = YES;
				CLANG_WARN_EMPTY_BODY = YES;
				CLANG_WARN_ENUM_CONVERSION = YES;
				CLANG_WARN_INFINITE_RECURSION = YES;
				CLANG_WARN_INT_CONVERSION = YES;
				CLANG_WARN_NON_LITERAL_NULL_CONVERSION = YES;
				CLANG_WARN_OBJC_IMPLICIT_RETAIN_SELF = YES;
				CLANG_WARN_OBJC_LITERAL_CONVERSION = YES;
				CLANG_WARN_OBJC_ROOT_CLASS = YES_ERROR;
				CLANG_WARN_QUOTED_INCLUDE_IN_FRAMEWORK_HEADER = YES;
				CLANG_WARN_RANGE_LOOP_ANALYSIS = YES;
				CLANG_WARN_STRICT_PROTOTYPES = YES;
				CLANG_WARN_SUSPICIOUS_MOVE = YES;
				CLANG_WARN_UNGUARDED_AVAILABILITY = YES_AGGRESSIVE;
				CLANG_WARN_UNREACHABLE_CODE = YES;
				CLANG_WARN__DUPLICATE_METHOD_MATCH = YES;
				COPY_PHASE_STRIP = NO;
				DEBUG_INFORMATION_FORMAT = dwarf;
				ENABLE_STRICT_OBJC_MSGSEND = YES;
				ENABLE_TESTABILITY = YES;
				GCC_C_LANGUAGE_STANDARD = gnu11;
				GCC_DYNAMIC_NO_PIC = NO;
				GCC_NO_COMMON_BLOCKS = YES;
				GCC_OPTIMIZATION_LEVEL = 0;
				GCC_PREPROCESSOR_DEFINITIONS = (
					"DEBUG=1",
					"$(inherited)",
				);
				GCC_WARN_64_TO_32_BIT_CONVERSION = YES;
				GCC_WARN_ABOUT_RETURN_TYPE = YES_ERROR;
				GCC_WARN_UNDECLARED_SELECTOR = YES;
				GCC_WARN_UNINITIALIZED_AUTOS = YES_AGGRESSIVE;
				GCC_WARN_UNUSED_FUNCTION = YES;
				GCC_WARN_UNUSED_VARIABLE = YES;
				IPHONEOS_DEPLOYMENT_TARGET = 15.2;
				MTL_ENABLE_DEBUG_INFO = INCLUDE_SOURCE;
				MTL_FAST_MATH = YES;
				ONLY_ACTIVE_ARCH = YES;
				SDKROOT = iphoneos;
				SWIFT_ACTIVE_COMPILATION_CONDITIONS = DEBUG;
				SWIFT_OPTIMIZATION_LEVEL = "-Onone";
			};
			name = Debug;
		};
		497E063E28035623007B43D3 /* Release */ = {
			isa = XCBuildConfiguration;
			buildSettings = {
				ALWAYS_SEARCH_USER_PATHS = NO;
				CLANG_ANALYZER_NONNULL = YES;
				CLANG_ANALYZER_NUMBER_OBJECT_CONVERSION = YES_AGGRESSIVE;
				CLANG_CXX_LANGUAGE_STANDARD = "gnu++17";
				CLANG_CXX_LIBRARY = "libc++";
				CLANG_ENABLE_MODULES = YES;
				CLANG_ENABLE_OBJC_ARC = YES;
				CLANG_ENABLE_OBJC_WEAK = YES;
				CLANG_WARN_BLOCK_CAPTURE_AUTORELEASING = YES;
				CLANG_WARN_BOOL_CONVERSION = YES;
				CLANG_WARN_COMMA = YES;
				CLANG_WARN_CONSTANT_CONVERSION = YES;
				CLANG_WARN_DEPRECATED_OBJC_IMPLEMENTATIONS = YES;
				CLANG_WARN_DIRECT_OBJC_ISA_USAGE = YES_ERROR;
				CLANG_WARN_DOCUMENTATION_COMMENTS = YES;
				CLANG_WARN_EMPTY_BODY = YES;
				CLANG_WARN_ENUM_CONVERSION = YES;
				CLANG_WARN_INFINITE_RECURSION = YES;
				CLANG_WARN_INT_CONVERSION = YES;
				CLANG_WARN_NON_LITERAL_NULL_CONVERSION = YES;
				CLANG_WARN_OBJC_IMPLICIT_RETAIN_SELF = YES;
				CLANG_WARN_OBJC_LITERAL_CONVERSION = YES;
				CLANG_WARN_OBJC_ROOT_CLASS = YES_ERROR;
				CLANG_WARN_QUOTED_INCLUDE_IN_FRAMEWORK_HEADER = YES;
				CLANG_WARN_RANGE_LOOP_ANALYSIS = YES;
				CLANG_WARN_STRICT_PROTOTYPES = YES;
				CLANG_WARN_SUSPICIOUS_MOVE = YES;
				CLANG_WARN_UNGUARDED_AVAILABILITY = YES_AGGRESSIVE;
				CLANG_WARN_UNREACHABLE_CODE = YES;
				CLANG_WARN__DUPLICATE_METHOD_MATCH = YES;
				COPY_PHASE_STRIP = NO;
				DEBUG_INFORMATION_FORMAT = "dwarf-with-dsym";
				ENABLE_NS_ASSERTIONS = NO;
				ENABLE_STRICT_OBJC_MSGSEND = YES;
				GCC_C_LANGUAGE_STANDARD = gnu11;
				GCC_NO_COMMON_BLOCKS = YES;
				GCC_WARN_64_TO_32_BIT_CONVERSION = YES;
				GCC_WARN_ABOUT_RETURN_TYPE = YES_ERROR;
				GCC_WARN_UNDECLARED_SELECTOR = YES;
				GCC_WARN_UNINITIALIZED_AUTOS = YES_AGGRESSIVE;
				GCC_WARN_UNUSED_FUNCTION = YES;
				GCC_WARN_UNUSED_VARIABLE = YES;
				IPHONEOS_DEPLOYMENT_TARGET = 15.2;
				MTL_ENABLE_DEBUG_INFO = NO;
				MTL_FAST_MATH = YES;
				SDKROOT = iphoneos;
				SWIFT_COMPILATION_MODE = wholemodule;
				SWIFT_OPTIMIZATION_LEVEL = "-O";
				VALIDATE_PRODUCT = YES;
			};
			name = Release;
		};
		497E064028035623007B43D3 /* Debug */ = {
			isa = XCBuildConfiguration;
			baseConfigurationReference = 12421159EF562EE3650ABCB6 /* Pods-Todonote.debug.xcconfig */;
			buildSettings = {
				ASSETCATALOG_COMPILER_APPICON_NAME = AppIcon;
				ASSETCATALOG_COMPILER_GLOBAL_ACCENT_COLOR_NAME = AccentColor;
				CODE_SIGN_STYLE = Automatic;
				CURRENT_PROJECT_VERSION = 1;
				DEVELOPMENT_TEAM = D3CL5249J7;
				GENERATE_INFOPLIST_FILE = YES;
				INFOPLIST_FILE = Todonote/Info.plist;
				INFOPLIST_KEY_UIApplicationSupportsIndirectInputEvents = YES;
				INFOPLIST_KEY_UILaunchStoryboardName = LaunchScreen;
				INFOPLIST_KEY_UIMainStoryboardFile = Main;
				INFOPLIST_KEY_UISupportedInterfaceOrientations = UIInterfaceOrientationPortrait;
				INFOPLIST_KEY_UISupportedInterfaceOrientations_iPad = "UIInterfaceOrientationPortrait UIInterfaceOrientationPortraitUpsideDown UIInterfaceOrientationLandscapeLeft UIInterfaceOrientationLandscapeRight";
				INFOPLIST_KEY_UISupportedInterfaceOrientations_iPhone = "UIInterfaceOrientationPortrait UIInterfaceOrientationLandscapeLeft UIInterfaceOrientationLandscapeRight";
				IPHONEOS_DEPLOYMENT_TARGET = 13.0;
				LD_RUNPATH_SEARCH_PATHS = (
					"$(inherited)",
					"@executable_path/Frameworks",
				);
				MARKETING_VERSION = 1.0;
				PRODUCT_BUNDLE_IDENTIFIER = com.KirillSytkov.Tms.Todonote;
				PRODUCT_NAME = "$(TARGET_NAME)";
				SWIFT_EMIT_LOC_STRINGS = YES;
				SWIFT_VERSION = 5.0;
				TARGETED_DEVICE_FAMILY = 1;
			};
			name = Debug;
		};
		497E064128035623007B43D3 /* Release */ = {
			isa = XCBuildConfiguration;
			baseConfigurationReference = 227DDB777B6C9C6CCE502875 /* Pods-Todonote.release.xcconfig */;
			buildSettings = {
				ASSETCATALOG_COMPILER_APPICON_NAME = AppIcon;
				ASSETCATALOG_COMPILER_GLOBAL_ACCENT_COLOR_NAME = AccentColor;
				CODE_SIGN_STYLE = Automatic;
				CURRENT_PROJECT_VERSION = 1;
				DEVELOPMENT_TEAM = D3CL5249J7;
				GENERATE_INFOPLIST_FILE = YES;
				INFOPLIST_FILE = Todonote/Info.plist;
				INFOPLIST_KEY_UIApplicationSupportsIndirectInputEvents = YES;
				INFOPLIST_KEY_UILaunchStoryboardName = LaunchScreen;
				INFOPLIST_KEY_UIMainStoryboardFile = Main;
				INFOPLIST_KEY_UISupportedInterfaceOrientations = UIInterfaceOrientationPortrait;
				INFOPLIST_KEY_UISupportedInterfaceOrientations_iPad = "UIInterfaceOrientationPortrait UIInterfaceOrientationPortraitUpsideDown UIInterfaceOrientationLandscapeLeft UIInterfaceOrientationLandscapeRight";
				INFOPLIST_KEY_UISupportedInterfaceOrientations_iPhone = "UIInterfaceOrientationPortrait UIInterfaceOrientationLandscapeLeft UIInterfaceOrientationLandscapeRight";
				IPHONEOS_DEPLOYMENT_TARGET = 13.0;
				LD_RUNPATH_SEARCH_PATHS = (
					"$(inherited)",
					"@executable_path/Frameworks",
				);
				MARKETING_VERSION = 1.0;
				PRODUCT_BUNDLE_IDENTIFIER = com.KirillSytkov.Tms.Todonote;
				PRODUCT_NAME = "$(TARGET_NAME)";
				SWIFT_EMIT_LOC_STRINGS = YES;
				SWIFT_VERSION = 5.0;
				TARGETED_DEVICE_FAMILY = 1;
			};
			name = Release;
		};
/* End XCBuildConfiguration section */

/* Begin XCConfigurationList section */
		497E062628035622007B43D3 /* Build configuration list for PBXProject "Todonote" */ = {
			isa = XCConfigurationList;
			buildConfigurations = (
				497E063D28035623007B43D3 /* Debug */,
				497E063E28035623007B43D3 /* Release */,
			);
			defaultConfigurationIsVisible = 0;
			defaultConfigurationName = Release;
		};
		497E063F28035623007B43D3 /* Build configuration list for PBXNativeTarget "Todonote" */ = {
			isa = XCConfigurationList;
			buildConfigurations = (
				497E064028035623007B43D3 /* Debug */,
				497E064128035623007B43D3 /* Release */,
			);
			defaultConfigurationIsVisible = 0;
			defaultConfigurationName = Release;
		};
/* End XCConfigurationList section */
	};
	rootObject = 497E062328035622007B43D3 /* Project object */;
}
